{
  "name": "md5bench",
  "version": "1.0.0",
  "lockfileVersion": 3,
  "requires": true,
  "packages": {
    "": {
      "name": "md5bench",
      "version": "1.0.0",
      "license": "ISC",
      "dependencies": {
        "esm": "^3.2.25",
        "mitata": "^1.0.28"
      }
    },
    "node_modules/esm": {
      "version": "3.2.25",
      "resolved": "https://registry.npmjs.org/esm/-/esm-3.2.25.tgz",
      "integrity": "sha512-U1suiZ2oDVWv4zPO56S0NcR5QriEahGtdN2OR6FiOG4WJvcjBVFB0qI4+eKoWFH483PKGuLuu6V8Z4T5g63UVA==",
      "license": "MIT",
      "engines": {
        "node": ">=6"
      }
    },
    "node_modules/mitata": {
      "version": "1.0.28",
      "resolved": "https://registry.npmjs.org/mitata/-/mitata-1.0.28.tgz",
      "integrity": "sha512-5zKXgSxfzEeMVEwvTPeduMy39RB0UuAx/fgbok9knwABM/zKOr5E7f9zU5CvK30LDXtTjRs0EfrNRhaIWMWT3Q==",
      "license": "MIT"
    }
  }
}
