{
  "name": "base64",
  "lockfileVersion": 3,
  "requires": true,
  "packages": {
    "": {
      "dependencies": {
        "mitata": "^0.1.11"
      }
    },
    "node_modules/mitata": {
      "version": "0.1.11",
      "resolved": "https://registry.npmjs.org/mitata/-/mitata-0.1.11.tgz",
      "integrity": "sha512-cs6FiWcnRxn7atVumm8wA8R70XCDmMXgVgb/qWUSjr5dwuIBr7zC+22mbGYPlbyFixlIOjuP//A0e72Q1ZoGDw=="
    }
  }
}
